<Project xmlns="http://schemas.microsoft.com/developer/msbuild/2003">
    <PropertyGroup>
        <ProjectGuid>{F49D70DB-35B9-4637-9E92-363B19B97F5D}</ProjectGuid>
        <ProjectVersion>18.6</ProjectVersion>
        <FrameworkType>xfm</FrameworkType>
        <MainSource>ViewNavDemoFGX.dpr</MainSource>
        <Base>True</Base>
        <Config Condition="'$(Config)'==''">Debug</Config>
        <Platform Condition="'$(Platform)'==''">Android</Platform>
        <TargetedPlatforms>16</TargetedPlatforms>
        <AppType>Application</AppType>
    </PropertyGroup>
    <PropertyGroup Condition="'$(Config)'=='Base' or '$(Base)'!=''">
        <Base>true</Base>
    </PropertyGroup>
    <PropertyGroup Condition="('$(Platform)'=='Android' and '$(Base)'=='true') or '$(Base_Android)'!=''">
        <Base_Android>true</Base_Android>
        <CfgParent>Base</CfgParent>
        <Base>true</Base>
    </PropertyGroup>
    <PropertyGroup Condition="'$(Config)'=='Debug' or '$(Cfg_1)'!=''">
        <Cfg_1>true</Cfg_1>
        <CfgParent>Base</CfgParent>
        <Base>true</Base>
    </PropertyGroup>
    <PropertyGroup Condition="('$(Platform)'=='Android' and '$(Cfg_1)'=='true') or '$(Cfg_1_Android)'!=''">
        <Cfg_1_Android>true</Cfg_1_Android>
        <CfgParent>Cfg_1</CfgParent>
        <Cfg_1>true</Cfg_1>
        <Base>true</Base>
    </PropertyGroup>
    <PropertyGroup Condition="'$(Config)'=='Release' or '$(Cfg_2)'!=''">
        <Cfg_2>true</Cfg_2>
        <CfgParent>Base</CfgParent>
        <Base>true</Base>
    </PropertyGroup>
    <PropertyGroup Condition="'$(Base)'!=''">
        <DCC_DcuOutput>.\$(Platform)\$(Config)</DCC_DcuOutput>
        <DCC_ExeOutput>.\$(Platform)\$(Config)</DCC_ExeOutput>
        <DCC_E>false</DCC_E>
        <DCC_N>false</DCC_N>
        <DCC_S>false</DCC_S>
        <DCC_F>false</DCC_F>
        <DCC_K>false</DCC_K>
        <DCC_Namespace>System;Xml;Data;Datasnap;Web;Soap;$(DCC_Namespace)</DCC_Namespace>
        <AUP_ACCESS_COARSE_LOCATION>true</AUP_ACCESS_COARSE_LOCATION>
        <AUP_ACCESS_FINE_LOCATION>true</AUP_ACCESS_FINE_LOCATION>
        <AUP_CALL_PHONE>true</AUP_CALL_PHONE>
        <AUP_CAMERA>true</AUP_CAMERA>
        <AUP_INTERNET>true</AUP_INTERNET>
        <AUP_READ_CALENDAR>true</AUP_READ_CALENDAR>
        <AUP_READ_EXTERNAL_STORAGE>true</AUP_READ_EXTERNAL_STORAGE>
        <AUP_WRITE_CALENDAR>true</AUP_WRITE_CALENDAR>
        <AUP_WRITE_EXTERNAL_STORAGE>true</AUP_WRITE_EXTERNAL_STORAGE>
        <AUP_READ_PHONE_STATE>true</AUP_READ_PHONE_STATE>
        <Icon_MainIcon>$(BDS)\bin\delphi_PROJECTICON.ico</Icon_MainIcon>
        <Icns_MainIcns>$(BDS)\bin\delphi_PROJECTICNS.icns</Icns_MainIcns>
        <SanitizedProjectName>ViewNavDemoFGX</SanitizedProjectName>
        <DCC_UnitSearchPath>..\..\;$(DCC_UnitSearchPath)</DCC_UnitSearchPath>
        <BRCC_Defines>FGX_NATIVE;$(BRCC_Defines)</BRCC_Defines>
    </PropertyGroup>
    <PropertyGroup Condition="'$(Base_Android)'!=''">
        <DCC_UsePackage>DBXSqliteDriver;IndyIPCommon;RESTComponents;bindcompdbx;DBXInterBaseDriver;IndyIPServer;IndySystem;tethering;fmxFireDAC;FireDAC;bindcompfmx;VLCPlayer;FireDACSqliteDriver;soaprtl;DbxCommonDriver;fmx;FireDACIBDriver;xmlrtl;soapmidas;rtl;DbxClientDriver;CustomIPTransport;dbexpress;IndyCore;bindcomp;dsnap;FireDACCommon;IndyIPClient;RESTBackendComponents;soapserver;dbxcds;bindengine;CloudService;dsnapxml;dbrtl;IndyProtocols;FireDACCommonDriver;inet;$(DCC_UsePackage)</DCC_UsePackage>
        <VerInfo_Keys>package=ru.fgx.$(MSBuildProjectName);label=$(MSBuildProjectName);versionCode=1;versionName=1.0.0;persistent=False;restoreAnyVersion=False;installLocation=auto;largeHeap=False;theme=TitleBar;hardwareAccelerated=true;apiKey=</VerInfo_Keys>
        <BT_BuildType>Debug</BT_BuildType>
        <VerInfo_IncludeVerInfo>true</VerInfo_IncludeVerInfo>
        <EnabledSysJars>android-support-v4.dex.jar;cloud-messaging.dex.jar;fmx.dex.jar;google-analytics-v2.dex.jar;google-play-billing.dex.jar;google-play-licensing.dex.jar;google-play-services-ads-7.0.0.dex.jar;google-play-services-analytics-7.0.0.dex.jar;google-play-services-base-7.0.0.dex.jar;google-play-services-gcm-7.0.0.dex.jar;google-play-services-identity-7.0.0.dex.jar;google-play-services-maps-7.0.0.dex.jar;google-play-services-panorama-7.0.0.dex.jar;google-play-services-plus-7.0.0.dex.jar;google-play-services-wallet-7.0.0.dex.jar</EnabledSysJars>
        <Android_LauncherIcon36>$(FGX)\Images\Android\mipmap-ldpi\ic_launcher.png</Android_LauncherIcon36>
        <Android_LauncherIcon48>$(FGX)\Images\Android\mipmap-mdpi\ic_launcher.png</Android_LauncherIcon48>
        <Android_LauncherIcon72>$(FGX)\Images\Android\mipmap-hdpi\ic_launcher.png</Android_LauncherIcon72>
        <Android_LauncherIcon96>$(FGX)\Images\Android\mipmap-xhdpi\ic_launcher.png</Android_LauncherIcon96>
        <Android_LauncherIcon144>$(FGX)\Images\Android\mipmap-xxhdpi\ic_launcher.png</Android_LauncherIcon144>
        <Android_SplashImage426>$(FGX)\Images\Android\drawable-ldpi\splash_image.9.png</Android_SplashImage426>
        <Android_SplashImage470>$(FGX)\Images\Android\drawable-mdpi\splash_image.9.png</Android_SplashImage470>
        <Android_SplashImage640>$(FGX)\Images\Android\drawable-hdpi\splash_image.9.png</Android_SplashImage640>
        <Android_SplashImage960>$(FGX)\Images\Android\drawable-xhdpi\splash_image.9.png</Android_SplashImage960>
        <IncludeAndroid_Splash>False</IncludeAndroid_Splash>
    </PropertyGroup>
    <PropertyGroup Condition="'$(Cfg_1)'!=''">
        <DCC_Define>DEBUG;$(DCC_Define)</DCC_Define>
        <DCC_DebugDCUs>true</DCC_DebugDCUs>
        <DCC_Optimize>false</DCC_Optimize>
        <DCC_GenerateStackFrames>true</DCC_GenerateStackFrames>
        <DCC_DebugInfoInExe>true</DCC_DebugInfoInExe>
        <DCC_RemoteDebug>true</DCC_RemoteDebug>
    </PropertyGroup>
    <PropertyGroup Condition="'$(Cfg_1_Android)'!=''">
        <VerInfo_Build>1</VerInfo_Build>
        <IncludeAndroid_Splash>False</IncludeAndroid_Splash>
    </PropertyGroup>
    <PropertyGroup Condition="'$(Cfg_2)'!=''">
        <DCC_LocalDebugSymbols>false</DCC_LocalDebugSymbols>
        <DCC_Define>RELEASE;$(DCC_Define)</DCC_Define>
        <DCC_SymbolReferenceInfo>0</DCC_SymbolReferenceInfo>
        <DCC_DebugInformation>0</DCC_DebugInformation>
    </PropertyGroup>
    <ItemGroup>
        <DelphiCompile Include="$(MainSource)">
            <MainSource>MainSource</MainSource>
        </DelphiCompile>
        <DCCReference Include="Main.pas">
            <Form>Form5</Form>
            <FormType>xfm</FormType>
            <DesignClass>TfgForm</DesignClass>
        </DCCReference>
        <DCCReference Include="One.pas">
            <Form>View1</Form>
            <FormType>xfm</FormType>
            <DesignClass>TfgForm</DesignClass>
        </DCCReference>
        <DCCReference Include="two.pas">
            <Form>View2</Form>
            <FormType>xfm</FormType>
            <DesignClass>TfgForm</DesignClass>
        </DCCReference>
        <BuildConfiguration Include="Release">
            <Key>Cfg_2</Key>
            <CfgParent>Base</CfgParent>
        </BuildConfiguration>
        <BuildConfiguration Include="Base">
            <Key>Base</Key>
        </BuildConfiguration>
        <BuildConfiguration Include="Debug">
            <Key>Cfg_1</Key>
            <CfgParent>Base</CfgParent>
        </BuildConfiguration>
    </ItemGroup>
    <ProjectExtensions>
        <Borland.Personality>Delphi.Personality.12</Borland.Personality>
        <Borland.ProjectType>Application</Borland.ProjectType>
        <BorlandProject>
            <Delphi.Personality>
                <Source>
                    <Source Name="MainSource">ViewNavDemoFGX.dpr</Source>
                </Source>
                <Excluded_Packages>
                    <Excluded_Packages Name="$(BDSBIN)\dcloffice2k260.bpl">Microsoft Office 2000 Sample Automation Server Wrapper Components</Excluded_Packages>
                    <Excluded_Packages Name="$(BDSBIN)\dclofficexp260.bpl">Microsoft Office XP Sample Automation Server Wrapper Components</Excluded_Packages>
                </Excluded_Packages>
            </Delphi.Personality>
            <Deployment Version="3">
                <DeployFile LocalName="$(FGX)\Libs\Common\Android\armeabi-v7a\libfb.so" Configuration="Debug" Class="FGX_YogaLibraryFb">
                    <Platform Name="Android">
                        <RemoteDir>library\lib\armeabi-v7a\</RemoteDir>
                        <RemoteName>libfb.so</RemoteName>
                        <Overwrite>true</Overwrite>
                    </Platform>
                </DeployFile>
                <DeployFile LocalName="styles.xml" Configuration="Debug" Class="AndroidStyle">
                    <Platform Name="Android">
                        <RemoteDir>res\values\</RemoteDir>
                        <RemoteName>styles.xml</RemoteName>
                        <Overwrite>true</Overwrite>
                    </Platform>
                </DeployFile>
                <DeployFile LocalName="$(FGX)\Images\Android\mipmap-mdpi\ic_launcher.png" Configuration="Debug" Class="Android_LauncherIcon48">
                    <Platform Name="Android">
                        <RemoteDir>res\mipmap-mdpi\</RemoteDir>
                        <RemoteName>ic_launcher.png</RemoteName>
                        <Overwrite>true</Overwrite>
                    </Platform>
                </DeployFile>
                <DeployFile LocalName="$(FGX)\Images\Android\mipmap-hdpi\ic_launcher_round.png" Configuration="Debug" Class="Android_LauncherRoundIcon72">
                    <Platform Name="Android">
                        <RemoteDir>res\mipmap-hdpi\</RemoteDir>
                        <RemoteName>ic_launcher_round.png</RemoteName>
                        <Overwrite>true</Overwrite>
                    </Platform>
                </DeployFile>
                <DeployFile LocalName="$(FGX)\Images\Android\mipmap-ldpi\ic_launcher.png" Configuration="Debug" Class="Android_LauncherIcon36">
                    <Platform Name="Android">
                        <RemoteDir>res\mipmap-ldpi\</RemoteDir>
                        <RemoteName>ic_launcher.png</RemoteName>
                        <Overwrite>true</Overwrite>
                    </Platform>
                </DeployFile>
                <DeployFile LocalName="$(FGX)\Images\Android\mipmap-ldpi\ic_launcher_round.png" Configuration="Release" Class="Android_LauncherRoundIcon36">
                    <Platform Name="Android">
                        <RemoteDir>res\mipmap-ldpi\</RemoteDir>
                        <RemoteName>ic_launcher_round.png</RemoteName>
                        <Overwrite>true</Overwrite>
                    </Platform>
                </DeployFile>
                <DeployFile LocalName="$(FGX)\Images\Android\mipmap-mdpi\ic_launcher.png" Configuration="Release" Class="Android_LauncherIcon48">
                    <Platform Name="Android">
                        <RemoteDir>res\mipmap-mdpi\</RemoteDir>
                        <RemoteName>ic_launcher.png</RemoteName>
                        <Overwrite>true</Overwrite>
                    </Platform>
                </DeployFile>
                <DeployFile LocalName="$(FGX)\Images\Android\mipmap-mdpi\ic_launcher_round.png" Configuration="Release" Class="Android_LauncherRoundIcon48">
                    <Platform Name="Android">
                        <RemoteDir>res\mipmap-mdpi\</RemoteDir>
                        <RemoteName>ic_launcher_round.png</RemoteName>
                        <Overwrite>true</Overwrite>
                    </Platform>
                </DeployFile>
                <DeployFile LocalName="$(BDS)\lib\android\debug\mips\libnative-activity.so" Configuration="Debug" Class="AndroidLibnativeMipsFile">
                    <Platform Name="Android">
                        <RemoteName>libViewNavDemoFGX.so</RemoteName>
                        <Overwrite>true</Overwrite>
                    </Platform>
                </DeployFile>
                <DeployFile LocalName="$(FGX)\Images\Android\mipmap-xhdpi\ic_launcher.png" Configuration="Release" Class="Android_LauncherIcon96">
                    <Platform Name="Android">
                        <RemoteDir>res\mipmap-xhdpi\</RemoteDir>
                        <RemoteName>ic_launcher.png</RemoteName>
                        <Overwrite>true</Overwrite>
                    </Platform>
                </DeployFile>
                <DeployFile LocalName="$(FGX)\Images\Android\mipmap-hdpi\ic_launcher.png" Configuration="Release" Class="Android_LauncherIcon72">
                    <Platform Name="Android">
                        <RemoteDir>res\mipmap-hdpi\</RemoteDir>
                        <RemoteName>ic_launcher.png</RemoteName>
                        <Overwrite>true</Overwrite>
                    </Platform>
                </DeployFile>
                <DeployFile LocalName="$(FGX)\Images\Android\mipmap-xhdpi\ic_launcher.png" Configuration="Debug" Class="Android_LauncherIcon96">
                    <Platform Name="Android">
                        <RemoteDir>res\mipmap-xhdpi\</RemoteDir>
                        <RemoteName>ic_launcher.png</RemoteName>
                        <Overwrite>true</Overwrite>
                    </Platform>
                </DeployFile>
                <DeployFile LocalName="$(FGX)\Libs\Common\Android\armeabi-v7a\libfb.so" Configuration="Release" Class="FGX_YogaLibraryFb">
                    <Platform Name="Android">
                        <RemoteDir>library\lib\armeabi-v7a\</RemoteDir>
                        <RemoteName>libfb.so</RemoteName>
                        <Overwrite>true</Overwrite>
                    </Platform>
                </DeployFile>
                <DeployFile Required="true" LocalName="Android\Debug\AndroidManifest.xml" Configuration="Debug" Class="ProjectAndroidManifest">
                    <Platform Name="Android">
                        <Overwrite>true</Overwrite>
                    </Platform>
                </DeployFile>
                <DeployFile LocalName="$(BDS)\lib\android\debug\armeabi\libnative-activity.so" Configuration="Debug" Class="AndroidLibnativeArmeabiFile">
                    <Platform Name="Android">
                        <RemoteName>libViewNavDemoFGX.so</RemoteName>
                        <Overwrite>true</Overwrite>
                    </Platform>
                </DeployFile>
                <DeployFile LocalName="$(FGX)\Images\Android\drawable-xhdpi\splash_image.9.png" Configuration="Debug" Class="Android_SplashImage960">
                    <Platform Name="Android">
                        <RemoteDir>res\drawable-xhdpi\</RemoteDir>
                        <RemoteName>splash_image.9.png</RemoteName>
                        <Overwrite>true</Overwrite>
                    </Platform>
                </DeployFile>
                <DeployFile LocalName="$(BDS)\Redist\iossimulator\libcgunwind.1.0.dylib" Class="DependencyModule">
                    <Platform Name="iOSSimulator">
                        <Overwrite>true</Overwrite>
                    </Platform>
                </DeployFile>
                <DeployFile LocalName="$(BDS)\Redist\osx32\libcgsqlite3.dylib" Class="DependencyModule">
                    <Platform Name="OSX32">
                        <Overwrite>true</Overwrite>
                    </Platform>
                </DeployFile>
                <DeployFile LocalName="Assets\config-android.json" Configuration="Debug" Class="FGX_AssetsConfig">
                    <Platform Name="Android">
                        <RemoteDir>assets\</RemoteDir>
                        <RemoteName>config.json</RemoteName>
                        <Overwrite>true</Overwrite>
                    </Platform>
                </DeployFile>
                <DeployFile LocalName="$(BDS)\Redist\osx32\libcgunwind.1.0.dylib" Class="DependencyModule">
                    <Platform Name="OSX32">
                        <Overwrite>true</Overwrite>
                    </Platform>
                </DeployFile>
                <DeployFile LocalName="$(FGX)\Libs\Common\Android\dex\classes.dex" Configuration="Debug" Class="AndroidClassesDexFile">
                    <Platform Name="Android">
                        <RemoteName>classes.dex</RemoteName>
                        <Overwrite>true</Overwrite>
                    </Platform>
                </DeployFile>
                <DeployFile LocalName="$(FGX)\Images\Android\mipmap-hdpi\ic_launcher_round.png" Configuration="Release" Class="Android_LauncherRoundIcon72">
                    <Platform Name="Android">
                        <RemoteDir>res\mipmap-hdpi\</RemoteDir>
                        <RemoteName>ic_launcher_round.png</RemoteName>
                        <Overwrite>true</Overwrite>
                    </Platform>
                </DeployFile>
                <DeployFile LocalName="$(FGX)\Images\Android\drawable-hdpi\splash_image.9.png" Configuration="Debug" Class="Android_SplashImage640">
                    <Platform Name="Android">
                        <RemoteDir>res\drawable-hdpi\</RemoteDir>
                        <RemoteName>splash_image.9.png</RemoteName>
                        <Overwrite>true</Overwrite>
                    </Platform>
                </DeployFile>
                <DeployFile LocalName="$(FGX)\Images\Android\mipmap-hdpi\ic_launcher.png" Configuration="Debug" Class="Android_LauncherIcon72">
                    <Platform Name="Android">
                        <RemoteDir>res\mipmap-hdpi\</RemoteDir>
                        <RemoteName>ic_launcher.png</RemoteName>
                        <Overwrite>true</Overwrite>
                    </Platform>
                </DeployFile>
                <DeployFile LocalName="$(FGX)\Images\Android\mipmap-ldpi\ic_launcher_round.png" Configuration="Debug" Class="Android_LauncherRoundIcon36">
                    <Platform Name="Android">
                        <RemoteDir>res\mipmap-ldpi\</RemoteDir>
                        <RemoteName>ic_launcher_round.png</RemoteName>
                        <Overwrite>true</Overwrite>
                    </Platform>
                </DeployFile>
                <DeployFile LocalName="launch_screen.xml" Configuration="Debug" Class="FGX_SplashScreenImage">
                    <Platform Name="Android">
                        <RemoteDir>res\drawable\</RemoteDir>
                        <RemoteName>launch_screen.xml</RemoteName>
                        <Overwrite>true</Overwrite>
                    </Platform>
                </DeployFile>
                <DeployFile LocalName="$(FGX)\Images\Android\drawable-xhdpi\splash_image.9.png" Configuration="Release" Class="Android_SplashImage960">
                    <Platform Name="Android">
                        <RemoteDir>res\drawable-xhdpi\</RemoteDir>
                        <RemoteName>splash_image.9.png</RemoteName>
                        <Overwrite>true</Overwrite>
                    </Platform>
                </DeployFile>
                <DeployFile LocalName="$(FGX)\Images\Android\drawable-mdpi\splash_image.9.png" Configuration="Debug" Class="Android_SplashImage470">
                    <Platform Name="Android">
                        <RemoteDir>res\drawable-mdpi\</RemoteDir>
                        <RemoteName>splash_image.9.png</RemoteName>
                        <Overwrite>true</Overwrite>
                    </Platform>
                </DeployFile>
                <DeployFile LocalName="$(FGX)\Images\Android\drawable-ldpi\splash_image.9.png" Configuration="Debug" Class="Android_SplashImage426">
                    <Platform Name="Android">
                        <RemoteDir>res\drawable-ldpi\</RemoteDir>
                        <RemoteName>splash_image.9.png</RemoteName>
                        <Overwrite>true</Overwrite>
                    </Platform>
                </DeployFile>
                <DeployFile LocalName="$(FGX)\Images\Android\mipmap-xxhdpi\ic_launcher_round.png" Configuration="Release" Class="Android_LauncherRoundIcon144">
                    <Platform Name="Android">
                        <RemoteDir>res\mipmap-xxhdpi\</RemoteDir>
                        <RemoteName>ic_launcher_round.png</RemoteName>
                        <Overwrite>true</Overwrite>
                    </Platform>
                </DeployFile>
                <DeployFile LocalName="$(FGX)\Images\Android\mipmap-xxhdpi\ic_launcher.png" Configuration="Release" Class="Android_LauncherIcon144">
                    <Platform Name="Android">
                        <RemoteDir>res\mipmap-xxhdpi\</RemoteDir>
                        <RemoteName>ic_launcher.png</RemoteName>
                        <Overwrite>true</Overwrite>
                    </Platform>
                </DeployFile>
                <DeployFile LocalName="$(FGX)\Images\Android\mipmap-ldpi\ic_launcher.png" Configuration="Release" Class="Android_LauncherIcon36">
                    <Platform Name="Android">
                        <RemoteDir>res\mipmap-ldpi\</RemoteDir>
                        <RemoteName>ic_launcher.png</RemoteName>
                        <Overwrite>true</Overwrite>
                    </Platform>
                </DeployFile>
                <DeployFile LocalName="Android\Debug\libViewNavDemoFGX.so" Configuration="Debug" Class="ProjectOutput">
                    <Platform Name="Android">
                        <RemoteName>libViewNavDemoFGX.so</RemoteName>
                        <Overwrite>true</Overwrite>
                    </Platform>
                </DeployFile>
                <DeployFile LocalName="$(FGX)\Images\Android\mipmap-xhdpi\ic_launcher_round.png" Configuration="Debug" Class="Android_LauncherRoundIcon96">
                    <Platform Name="Android">
                        <RemoteDir>res\mipmap-xhdpi\</RemoteDir>
                        <RemoteName>ic_launcher_round.png</RemoteName>
                        <Overwrite>true</Overwrite>
                    </Platform>
                </DeployFile>
                <DeployFile LocalName="Assets\config-android.json" Configuration="Release" Class="FGX_AssetsConfig">
                    <Platform Name="Android">
                        <RemoteDir>assets\</RemoteDir>
                        <RemoteName>config.json</RemoteName>
                        <Overwrite>true</Overwrite>
                    </Platform>
                </DeployFile>
                <DeployFile LocalName="$(NDKBasePath)\prebuilt\android-arm\gdbserver\gdbserver" Configuration="Debug" Class="AndroidGDBServer">
                    <Platform Name="Android">
                        <Overwrite>true</Overwrite>
                    </Platform>
                </DeployFile>
                <DeployFile LocalName="$(FGX)\Libs\Common\Android\dex\classes.dex" Configuration="Debug" Class="AndroidClassesDexFile">
                    <Platform Name="Android">
                        <Enabled>false</Enabled>
                        <RemoteName>classes.dex</RemoteName>
                        <Overwrite>true</Overwrite>
                    </Platform>
                </DeployFile>
                <DeployFile LocalName="$(FGX)\Images\Android\mipmap-xhdpi\ic_launcher_round.png" Configuration="Release" Class="Android_LauncherRoundIcon96">
                    <Platform Name="Android">
                        <RemoteDir>res\mipmap-xhdpi\</RemoteDir>
                        <RemoteName>ic_launcher_round.png</RemoteName>
                        <Overwrite>true</Overwrite>
                    </Platform>
                </DeployFile>
                <DeployFile LocalName="$(FGX)\Libs\Common\Android\armeabi-v7a\libyoga.so" Configuration="Release" Class="FGX_YogaLibrary">
                    <Platform Name="Android">
                        <RemoteDir>library\lib\armeabi-v7a\</RemoteDir>
                        <RemoteName>libyoga.so</RemoteName>
                        <Overwrite>true</Overwrite>
                    </Platform>
                </DeployFile>
                <DeployFile LocalName="$(BDS)\Redist\iossimulator\libpcre.dylib" Class="DependencyModule">
                    <Platform Name="iOSSimulator">
                        <Overwrite>true</Overwrite>
                    </Platform>
                </DeployFile>
                <DeployFile LocalName="$(FGX)\Images\Android\mipmap-mdpi\ic_launcher_round.png" Configuration="Debug" Class="Android_LauncherRoundIcon48">
                    <Platform Name="Android">
                        <RemoteDir>res\mipmap-mdpi\</RemoteDir>
                        <RemoteName>ic_launcher_round.png</RemoteName>
                        <Overwrite>true</Overwrite>
                    </Platform>
                </DeployFile>
                <DeployFile LocalName="$(FGX)\Images\Android\drawable-hdpi\splash_image.9.png" Configuration="Release" Class="Android_SplashImage640">
                    <Platform Name="Android">
                        <RemoteDir>res\drawable-hdpi\</RemoteDir>
                        <RemoteName>splash_image.9.png</RemoteName>
                        <Overwrite>true</Overwrite>
                    </Platform>
                </DeployFile>
                <DeployFile LocalName="styles.xml" Configuration="Release" Class="AndroidStyle">
                    <Platform Name="Android">
                        <RemoteDir>res\values\</RemoteDir>
                        <RemoteName>styles.xml</RemoteName>
                        <Overwrite>true</Overwrite>
                    </Platform>
                </DeployFile>
                <DeployFile LocalName="$(FGX)\Libs\Common\Android\armeabi-v7a\libyoga.so" Configuration="Debug" Class="FGX_YogaLibrary">
                    <Platform Name="Android">
                        <RemoteDir>library\lib\armeabi-v7a\</RemoteDir>
                        <RemoteName>libyoga.so</RemoteName>
                        <Overwrite>true</Overwrite>
                    </Platform>
                </DeployFile>
                <DeployFile LocalName="launch_screen.xml" Configuration="Release" Class="FGX_SplashScreenImage">
                    <Platform Name="Android">
                        <RemoteDir>res\drawable\</RemoteDir>
                        <RemoteName>launch_screen.xml</RemoteName>
                        <Overwrite>true</Overwrite>
                    </Platform>
                </DeployFile>
                <DeployFile LocalName="$(FGX)\Images\Android\mipmap-xxhdpi\ic_launcher_round.png" Configuration="Debug" Class="Android_LauncherRoundIcon144">
                    <Platform Name="Android">
                        <RemoteDir>res\mipmap-xxhdpi\</RemoteDir>
                        <RemoteName>ic_launcher_round.png</RemoteName>
                        <Overwrite>true</Overwrite>
                    </Platform>
                </DeployFile>
                <DeployFile LocalName="$(FGX)\Images\Android\mipmap-xxhdpi\ic_launcher.png" Configuration="Debug" Class="Android_LauncherIcon144">
                    <Platform Name="Android">
                        <RemoteDir>res\mipmap-xxhdpi\</RemoteDir>
                        <RemoteName>ic_launcher.png</RemoteName>
                        <Overwrite>true</Overwrite>
                    </Platform>
                </DeployFile>
                <DeployFile LocalName="$(BDS)\Redist\osx64\libcgsqlite3.dylib" Class="DependencyModule">
                    <Platform Name="OSX64">
                        <Overwrite>true</Overwrite>
                    </Platform>
                </DeployFile>
                <DeployFile LocalName="$(FGX)\Images\Android\drawable-ldpi\splash_image.9.png" Configuration="Release" Class="Android_SplashImage426">
                    <Platform Name="Android">
                        <RemoteDir>res\drawable-ldpi\</RemoteDir>
                        <RemoteName>splash_image.9.png</RemoteName>
                        <Overwrite>true</Overwrite>
                    </Platform>
                </DeployFile>
                <DeployFile LocalName="$(FGX)\Images\Android\drawable-mdpi\splash_image.9.png" Configuration="Release" Class="Android_SplashImage470">
                    <Platform Name="Android">
                        <RemoteDir>res\drawable-mdpi\</RemoteDir>
                        <RemoteName>splash_image.9.png</RemoteName>
                        <Overwrite>true</Overwrite>
                    </Platform>
                </DeployFile>
                <DeployClass Name="AdditionalDebugSymbols">
                    <Platform Name="iOSSimulator">
                        <Operation>1</Operation>
                    </Platform>
                    <Platform Name="OSX32">
                        <RemoteDir>Contents\MacOS</RemoteDir>
                        <Operation>1</Operation>
                    </Platform>
                    <Platform Name="Win32">
                        <Operation>0</Operation>
                    </Platform>
                </DeployClass>
                <DeployClass Name="AndroidClassesDexFile">
                    <Platform Name="Android">
                        <RemoteDir>classes</RemoteDir>
                        <Operation>1</Operation>
                    </Platform>
                </DeployClass>
                <DeployClass Name="AndroidFileProvider">
                    <Platform Name="Android">
                        <RemoteDir>res\xml</RemoteDir>
                        <Operation>1</Operation>
                    </Platform>
                </DeployClass>
                <DeployClass Name="AndroidGDBServer">
                    <Platform Name="Android">
                        <RemoteDir>library\lib\armeabi-v7a</RemoteDir>
                        <Operation>1</Operation>
                    </Platform>
                </DeployClass>
                <DeployClass Name="AndroidLibnativeArmeabiFile">
                    <Platform Name="Android">
                        <RemoteDir>library\lib\armeabi</RemoteDir>
                        <Operation>1</Operation>
                    </Platform>
                </DeployClass>
                <DeployClass Name="AndroidLibnativeMipsFile">
                    <Platform Name="Android">
                        <RemoteDir>library\lib\mips</RemoteDir>
                        <Operation>1</Operation>
                    </Platform>
                </DeployClass>
                <DeployClass Name="AndroidServiceOutput">
                    <Platform Name="Android">
                        <RemoteDir>library\lib\armeabi-v7a</RemoteDir>
                        <Operation>1</Operation>
                    </Platform>
                </DeployClass>
                <DeployClass Name="AndroidSplashImageDef">
                    <Platform Name="Android">
                        <RemoteDir>res\drawable</RemoteDir>
                        <Operation>1</Operation>
                    </Platform>
                </DeployClass>
                <DeployClass Name="AndroidSplashStyles">
                    <Platform Name="Android">
                        <RemoteDir>res\values</RemoteDir>
                        <Operation>1</Operation>
                    </Platform>
                </DeployClass>
                <DeployClass Name="AndroidSplashStylesV21">
                    <Platform Name="Android">
                        <RemoteDir>res\values-v21</RemoteDir>
                        <Operation>1</Operation>
                    </Platform>
                </DeployClass>
                <DeployClass Name="Android_DefaultAppIcon">
                    <Platform Name="Android">
                        <RemoteDir>res\drawable</RemoteDir>
                        <Operation>1</Operation>
                    </Platform>
                </DeployClass>
                <DeployClass Name="Android_LauncherIcon144">
                    <Platform Name="Android">
                        <RemoteDir>res\drawable-xxhdpi</RemoteDir>
                        <Operation>1</Operation>
                    </Platform>
                </DeployClass>
                <DeployClass Name="Android_LauncherIcon36">
                    <Platform Name="Android">
                        <RemoteDir>res\drawable-ldpi</RemoteDir>
                        <Operation>1</Operation>
                    </Platform>
                </DeployClass>
                <DeployClass Name="Android_LauncherIcon48">
                    <Platform Name="Android">
                        <RemoteDir>res\drawable-mdpi</RemoteDir>
                        <Operation>1</Operation>
                    </Platform>
                </DeployClass>
                <DeployClass Name="Android_LauncherIcon72">
                    <Platform Name="Android">
                        <RemoteDir>res\drawable-hdpi</RemoteDir>
                        <Operation>1</Operation>
                    </Platform>
                </DeployClass>
                <DeployClass Name="Android_LauncherIcon96">
                    <Platform Name="Android">
                        <RemoteDir>res\drawable-xhdpi</RemoteDir>
                        <Operation>1</Operation>
                    </Platform>
                </DeployClass>
                <DeployClass Name="Android_SplashImage426">
                    <Platform Name="Android">
                        <RemoteDir>res\drawable-small</RemoteDir>
                        <Operation>1</Operation>
                    </Platform>
                </DeployClass>
                <DeployClass Name="Android_SplashImage470">
                    <Platform Name="Android">
                        <RemoteDir>res\drawable-normal</RemoteDir>
                        <Operation>1</Operation>
                    </Platform>
                </DeployClass>
                <DeployClass Name="Android_SplashImage640">
                    <Platform Name="Android">
                        <RemoteDir>res\drawable-large</RemoteDir>
                        <Operation>1</Operation>
                    </Platform>
                </DeployClass>
                <DeployClass Name="Android_SplashImage960">
                    <Platform Name="Android">
                        <RemoteDir>res\drawable-xlarge</RemoteDir>
                        <Operation>1</Operation>
                    </Platform>
                </DeployClass>
                <DeployClass Name="DebugSymbols">
                    <Platform Name="iOSSimulator">
                        <Operation>1</Operation>
                    </Platform>
                    <Platform Name="OSX32">
                        <RemoteDir>Contents\MacOS</RemoteDir>
                        <Operation>1</Operation>
                    </Platform>
                    <Platform Name="Win32">
                        <Operation>0</Operation>
                    </Platform>
                </DeployClass>
                <DeployClass Name="DependencyFramework">
                    <Platform Name="OSX32">
                        <RemoteDir>Contents\MacOS</RemoteDir>
                        <Operation>1</Operation>
                        <Extensions>.framework</Extensions>
                    </Platform>
                    <Platform Name="OSX64">
                        <RemoteDir>Contents\MacOS</RemoteDir>
                        <Operation>1</Operation>
                        <Extensions>.framework</Extensions>
                    </Platform>
                    <Platform Name="Win32">
                        <Operation>0</Operation>
                    </Platform>
                </DeployClass>
                <DeployClass Name="DependencyModule">
                    <Platform Name="iOSDevice32">
                        <Operation>1</Operation>
                        <Extensions>.dylib</Extensions>
                    </Platform>
                    <Platform Name="iOSDevice64">
                        <Operation>1</Operation>
                        <Extensions>.dylib</Extensions>
                    </Platform>
                    <Platform Name="iOSSimulator">
                        <Operation>1</Operation>
                        <Extensions>.dylib</Extensions>
                    </Platform>
                    <Platform Name="OSX32">
                        <RemoteDir>Contents\MacOS</RemoteDir>
                        <Operation>1</Operation>
                        <Extensions>.dylib</Extensions>
                    </Platform>
                    <Platform Name="OSX64">
                        <RemoteDir>Contents\MacOS</RemoteDir>
                        <Operation>1</Operation>
                        <Extensions>.dylib</Extensions>
                    </Platform>
                    <Platform Name="Win32">
                        <Operation>0</Operation>
                        <Extensions>.dll;.bpl</Extensions>
                    </Platform>
                </DeployClass>
                <DeployClass Required="true" Name="DependencyPackage">
                    <Platform Name="iOSDevice32">
                        <Operation>1</Operation>
                        <Extensions>.dylib</Extensions>
                    </Platform>
                    <Platform Name="iOSDevice64">
                        <Operation>1</Operation>
                        <Extensions>.dylib</Extensions>
                    </Platform>
                    <Platform Name="iOSSimulator">
                        <Operation>1</Operation>
                        <Extensions>.dylib</Extensions>
                    </Platform>
                    <Platform Name="OSX32">
                        <RemoteDir>Contents\MacOS</RemoteDir>
                        <Operation>1</Operation>
                        <Extensions>.dylib</Extensions>
                    </Platform>
                    <Platform Name="OSX64">
                        <RemoteDir>Contents\MacOS</RemoteDir>
                        <Operation>1</Operation>
                        <Extensions>.dylib</Extensions>
                    </Platform>
                    <Platform Name="Win32">
                        <Operation>0</Operation>
                        <Extensions>.bpl</Extensions>
                    </Platform>
                </DeployClass>
                <DeployClass Name="File">
                    <Platform Name="Android">
                        <Operation>0</Operation>
                    </Platform>
                    <Platform Name="iOSDevice32">
                        <Operation>0</Operation>
                    </Platform>
                    <Platform Name="iOSDevice64">
                        <Operation>0</Operation>
                    </Platform>
                    <Platform Name="iOSSimulator">
                        <Operation>0</Operation>
                    </Platform>
                    <Platform Name="OSX32">
                        <RemoteDir>Contents\Resources\StartUp\</RemoteDir>
                        <Operation>0</Operation>
                    </Platform>
                    <Platform Name="OSX64">
                        <RemoteDir>Contents\Resources\StartUp\</RemoteDir>
                        <Operation>0</Operation>
                    </Platform>
                    <Platform Name="Win32">
                        <Operation>0</Operation>
                    </Platform>
                </DeployClass>
                <DeployClass Name="iPad_Launch1024">
                    <Platform Name="iOSDevice32">
                        <Operation>1</Operation>
                    </Platform>
                    <Platform Name="iOSDevice64">
                        <Operation>1</Operation>
                    </Platform>
                    <Platform Name="iOSSimulator">
                        <Operation>1</Operation>
                    </Platform>
                </DeployClass>
                <DeployClass Name="iPad_Launch1536">
                    <Platform Name="iOSDevice32">
                        <Operation>1</Operation>
                    </Platform>
                    <Platform Name="iOSDevice64">
                        <Operation>1</Operation>
                    </Platform>
                    <Platform Name="iOSSimulator">
                        <Operation>1</Operation>
                    </Platform>
                </DeployClass>
                <DeployClass Name="iPad_Launch2048">
                    <Platform Name="iOSDevice32">
                        <Operation>1</Operation>
                    </Platform>
                    <Platform Name="iOSDevice64">
                        <Operation>1</Operation>
                    </Platform>
                    <Platform Name="iOSSimulator">
                        <Operation>1</Operation>
                    </Platform>
                </DeployClass>
                <DeployClass Name="iPad_Launch768">
                    <Platform Name="iOSDevice32">
                        <Operation>1</Operation>
                    </Platform>
                    <Platform Name="iOSDevice64">
                        <Operation>1</Operation>
                    </Platform>
                    <Platform Name="iOSSimulator">
                        <Operation>1</Operation>
                    </Platform>
                </DeployClass>
                <DeployClass Name="iPhone_Launch320">
                    <Platform Name="iOSDevice32">
                        <Operation>1</Operation>
                    </Platform>
                    <Platform Name="iOSDevice64">
                        <Operation>1</Operation>
                    </Platform>
                    <Platform Name="iOSSimulator">
                        <Operation>1</Operation>
                    </Platform>
                </DeployClass>
                <DeployClass Name="iPhone_Launch640">
                    <Platform Name="iOSDevice32">
                        <Operation>1</Operation>
                    </Platform>
                    <Platform Name="iOSDevice64">
                        <Operation>1</Operation>
                    </Platform>
                    <Platform Name="iOSSimulator">
                        <Operation>1</Operation>
                    </Platform>
                </DeployClass>
                <DeployClass Name="iPhone_Launch640x1136">
                    <Platform Name="iOSDevice32">
                        <Operation>1</Operation>
                    </Platform>
                    <Platform Name="iOSDevice64">
                        <Operation>1</Operation>
                    </Platform>
                    <Platform Name="iOSSimulator">
                        <Operation>1</Operation>
                    </Platform>
                </DeployClass>
                <DeployClass Name="ProjectAndroidManifest">
                    <Platform Name="Android">
                        <Operation>1</Operation>
                    </Platform>
                </DeployClass>
                <DeployClass Name="ProjectiOSDeviceDebug">
                    <Platform Name="iOSDevice32">
                        <RemoteDir>..\$(PROJECTNAME).app.dSYM\Contents\Resources\DWARF</RemoteDir>
                        <Operation>1</Operation>
                    </Platform>
                    <Platform Name="iOSDevice64">
                        <RemoteDir>..\$(PROJECTNAME).app.dSYM\Contents\Resources\DWARF</RemoteDir>
                        <Operation>1</Operation>
                    </Platform>
                </DeployClass>
                <DeployClass Name="ProjectiOSDeviceResourceRules">
                    <Platform Name="iOSDevice32">
                        <Operation>1</Operation>
                    </Platform>
                    <Platform Name="iOSDevice64">
                        <Operation>1</Operation>
                    </Platform>
                </DeployClass>
                <DeployClass Name="ProjectiOSEntitlements">
                    <Platform Name="iOSDevice32">
                        <RemoteDir>..\</RemoteDir>
                        <Operation>1</Operation>
                    </Platform>
                    <Platform Name="iOSDevice64">
                        <RemoteDir>..\</RemoteDir>
                        <Operation>1</Operation>
                    </Platform>
                </DeployClass>
                <DeployClass Name="ProjectiOSInfoPList">
                    <Platform Name="iOSDevice32">
                        <Operation>1</Operation>
                    </Platform>
                    <Platform Name="iOSDevice64">
                        <Operation>1</Operation>
                    </Platform>
                    <Platform Name="iOSSimulator">
                        <Operation>1</Operation>
                    </Platform>
                </DeployClass>
                <DeployClass Name="ProjectiOSResource">
                    <Platform Name="iOSDevice32">
                        <Operation>1</Operation>
                    </Platform>
                    <Platform Name="iOSDevice64">
                        <Operation>1</Operation>
                    </Platform>
                    <Platform Name="iOSSimulator">
                        <Operation>1</Operation>
                    </Platform>
                </DeployClass>
                <DeployClass Name="ProjectOSXDebug">
                    <Platform Name="OSX64">
                        <RemoteDir>..\$(PROJECTNAME).app.dSYM\Contents\Resources\DWARF</RemoteDir>
                        <Operation>1</Operation>
                    </Platform>
                </DeployClass>
                <DeployClass Name="ProjectOSXEntitlements">
                    <Platform Name="OSX32">
                        <RemoteDir>..\</RemoteDir>
                        <Operation>1</Operation>
                    </Platform>
                    <Platform Name="OSX64">
                        <RemoteDir>..\</RemoteDir>
                        <Operation>1</Operation>
                    </Platform>
                </DeployClass>
                <DeployClass Name="ProjectOSXInfoPList">
                    <Platform Name="OSX32">
                        <RemoteDir>Contents</RemoteDir>
                        <Operation>1</Operation>
                    </Platform>
                    <Platform Name="OSX64">
                        <RemoteDir>Contents</RemoteDir>
                        <Operation>1</Operation>
                    </Platform>
                </DeployClass>
                <DeployClass Name="ProjectOSXResource">
                    <Platform Name="OSX32">
                        <RemoteDir>Contents\Resources</RemoteDir>
                        <Operation>1</Operation>
                    </Platform>
                    <Platform Name="OSX64">
                        <RemoteDir>Contents\Resources</RemoteDir>
                        <Operation>1</Operation>
                    </Platform>
                </DeployClass>
                <DeployClass Required="true" Name="ProjectOutput">
                    <Platform Name="Android">
                        <RemoteDir>library\lib\armeabi-v7a</RemoteDir>
                        <Operation>1</Operation>
                    </Platform>
                    <Platform Name="iOSDevice32">
                        <Operation>1</Operation>
                    </Platform>
                    <Platform Name="iOSDevice64">
                        <Operation>1</Operation>
                    </Platform>
                    <Platform Name="iOSSimulator">
                        <Operation>1</Operation>
                    </Platform>
                    <Platform Name="Linux64">
                        <Operation>1</Operation>
                    </Platform>
                    <Platform Name="OSX32">
                        <RemoteDir>Contents\MacOS</RemoteDir>
                        <Operation>1</Operation>
                    </Platform>
                    <Platform Name="OSX64">
                        <RemoteDir>Contents\MacOS</RemoteDir>
                        <Operation>1</Operation>
                    </Platform>
                    <Platform Name="Win32">
                        <Operation>0</Operation>
                    </Platform>
                </DeployClass>
                <DeployClass Name="ProjectUWPManifest">
                    <Platform Name="Win32">
                        <Operation>1</Operation>
                    </Platform>
                    <Platform Name="Win64">
                        <Operation>1</Operation>
                    </Platform>
                </DeployClass>
                <DeployClass Name="UWP_DelphiLogo150">
                    <Platform Name="Win32">
                        <RemoteDir>Assets</RemoteDir>
                        <Operation>1</Operation>
                    </Platform>
                    <Platform Name="Win64">
                        <RemoteDir>Assets</RemoteDir>
                        <Operation>1</Operation>
                    </Platform>
                </DeployClass>
                <DeployClass Name="UWP_DelphiLogo44">
                    <Platform Name="Win32">
                        <RemoteDir>Assets</RemoteDir>
                        <Operation>1</Operation>
                    </Platform>
                    <Platform Name="Win64">
                        <RemoteDir>Assets</RemoteDir>
                        <Operation>1</Operation>
                    </Platform>
                </DeployClass>
                <ProjectRoot Platform="iOSDevice64" Name="$(PROJECTNAME).app"/>
                <ProjectRoot Platform="Win64" Name="$(PROJECTNAME)"/>
                <ProjectRoot Platform="iOSDevice32" Name="$(PROJECTNAME).app"/>
                <ProjectRoot Platform="Linux64" Name="$(PROJECTNAME)"/>
                <ProjectRoot Platform="Win32" Name="$(PROJECTNAME)"/>
                <ProjectRoot Platform="OSX32" Name="$(PROJECTNAME).app"/>
                <ProjectRoot Platform="Android" Name="$(PROJECTNAME)"/>
                <ProjectRoot Platform="OSX64" Name="$(PROJECTNAME).app"/>
                <ProjectRoot Platform="iOSSimulator" Name="$(PROJECTNAME).app"/>
            </Deployment>
            <Platforms>
                <Platform value="Android">True</Platform>
            </Platforms>
        </BorlandProject>
        <ProjectFileVersion>12</ProjectFileVersion>
    </ProjectExtensions>
    <Import Project="$(BDS)\Bin\CodeGear.Delphi.Targets" Condition="Exists('$(BDS)\Bin\CodeGear.Delphi.Targets')"/>
    <Import Project="$(APPDATA)\Embarcadero\$(BDSAPPDATABASEDIR)\$(PRODUCTVERSION)\UserTools.proj" Condition="Exists('$(APPDATA)\Embarcadero\$(BDSAPPDATABASEDIR)\$(PRODUCTVERSION)\UserTools.proj')"/>
    <Import Project="$(MSBuildProjectName).deployproj" Condition="Exists('$(MSBuildProjectName).deployproj')"/>
    <ProjectExtensions/>
</Project>
